
Microsoft Visual Studio Solution File, Format Version 12.00
# Visual Studio 15
Project("{FAE04EC0-301F-11D3-BF4B-00C04F79EFBC}") = "Microsoft.MixedReality.Toolkit.SDK", "Microsoft.MixedReality.Toolkit.SDK.csproj", "{D65C0024-E1EC-7213-3691-AC801380D92E}"
EndProject
Project("{FAE04EC0-301F-11D3-BF4B-00C04F79EFBC}") = "Microsoft.MixedReality.Toolkit.Providers.OpenVR", "Microsoft.MixedReality.Toolkit.Providers.OpenVR.csproj", "{64A4C9FB-F9EE-654D-726C-2C55F9954D82}"
EndProject
Project("{FAE04EC0-301F-11D3-BF4B-00C04F79EFBC}") = "Microsoft.MixedReality.Toolkit", "Microsoft.MixedReality.Toolkit.csproj", "{8424240D-318E-245D-0F23-0310C105050C}"
EndProject
Project("{FAE04EC0-301F-11D3-BF4B-00C04F79EFBC}") = "Microsoft.MixedReality.Toolkit.Services.SpatialAwarenessSystem", "Microsoft.MixedReality.Toolkit.Services.SpatialAwarenessSystem.csproj", "{9BC3B4A1-27B5-75F4-6C16-7C66BE56F5E8}"
EndProject
Project("{FAE04EC0-301F-11D3-BF4B-00C04F79EFBC}") = "VuforiaScripts", "VuforiaScripts.csproj", "{BC4B7150-B8E8-3C71-2658-7C91554ECF90}"
EndProject
Project("{FAE04EC0-301F-11D3-BF4B-00C04F79EFBC}") = "Assembly-CSharp", "Assembly-CSharp.csproj", "{9E0BD55C-D6F0-1EB9-5CD7-1FBEAD265F8C}"
EndProject
Project("{FAE04EC0-301F-11D3-BF4B-00C04F79EFBC}") = "Microsoft.MixedReality.Toolkit.Services.CameraSystem", "Microsoft.MixedReality.Toolkit.Services.CameraSystem.csproj", "{E50784A9-D413-8940-509E-DC3166DAD8EA}"
EndProject
Project("{FAE04EC0-301F-11D3-BF4B-00C04F79EFBC}") = "Microsoft.MixedReality.Toolkit.Gltf", "Microsoft.MixedReality.Toolkit.Gltf.csproj", "{B9FB2443-2485-197B-1931-84DB2FCCAD36}"
EndProject
Project("{FAE04EC0-301F-11D3-BF4B-00C04F79EFBC}") = "Microsoft.MixedReality.Toolkit.Services.SceneSystem", "Microsoft.MixedReality.Toolkit.Services.SceneSystem.csproj", "{4E6011C7-22D0-DF75-86BD-E5CF3331CD49}"
EndProject
Project("{FAE04EC0-301F-11D3-BF4B-00C04F79EFBC}") = "Microsoft.MixedReality.Toolkit.Services.InputSystem", "Microsoft.MixedReality.Toolkit.Services.InputSystem.csproj", "{0DD7DC6F-9C22-7921-9F82-860A3DE82683}"
EndProject
Project("{FAE04EC0-301F-11D3-BF4B-00C04F79EFBC}") = "Microsoft.MixedReality.Toolkit.Providers.WindowsMixedReality.Shared", "Microsoft.MixedReality.Toolkit.Providers.WindowsMixedReality.Shared.csproj", "{70D8ED77-4F57-A41F-1F28-00630A66FF4E}"
EndProject
Project("{FAE04EC0-301F-11D3-BF4B-00C04F79EFBC}") = "Microsoft.MixedReality.Toolkit.Services.BoundarySystem", "Microsoft.MixedReality.Toolkit.Services.BoundarySystem.csproj", "{928DAB1F-45DC-0197-0731-B9E0286C8C60}"
EndProject
Project("{FAE04EC0-301F-11D3-BF4B-00C04F79EFBC}") = "Microsoft.MixedReality.Toolkit.Providers.LeapMotion", "Microsoft.MixedReality.Toolkit.Providers.LeapMotion.csproj", "{95F6951E-2E90-6066-B83F-E0AB5F562990}"
EndProject
Project("{FAE04EC0-301F-11D3-BF4B-00C04F79EFBC}") = "Microsoft.MixedReality.Toolkit.Services.InputSimulation", "Microsoft.MixedReality.Toolkit.Services.InputSimulation.csproj", "{FD0C0D1D-91E2-F082-BF3A-A0AB2FB80D38}"
EndProject
Project("{FAE04EC0-301F-11D3-BF4B-00C04F79EFBC}") = "Microsoft.MixedReality.Toolkit.Providers.UnityAR", "Microsoft.MixedReality.Toolkit.Providers.UnityAR.csproj", "{8AF39DC1-A75E-7399-B7ED-B7E6DBD80F45}"
EndProject
Project("{FAE04EC0-301F-11D3-BF4B-00C04F79EFBC}") = "Microsoft.MixedReality.Toolkit.Services.InputAnimation", "Microsoft.MixedReality.Toolkit.Services.InputAnimation.csproj", "{CA57E638-5B8E-40F1-1B7B-C2D9EA3F3A5D}"
EndProject
Project("{FAE04EC0-301F-11D3-BF4B-00C04F79EFBC}") = "Microsoft.MixedReality.Toolkit.Services.DiagnosticsSystem", "Microsoft.MixedReality.Toolkit.Services.DiagnosticsSystem.csproj", "{F2954B33-690C-76F0-44D0-DCC377170124}"
EndProject
Project("{FAE04EC0-301F-11D3-BF4B-00C04F79EFBC}") = "Microsoft.MixedReality.Toolkit.Async", "Microsoft.MixedReality.Toolkit.Async.csproj", "{DED81666-C680-40FE-8F0A-D81E6BD10227}"
EndProject
Project("{FAE04EC0-301F-11D3-BF4B-00C04F79EFBC}") = "Microsoft.MixedReality.Toolkit.Providers.WindowsMixedReality", "Microsoft.MixedReality.Toolkit.Providers.WindowsMixedReality.csproj", "{6DEA2CDE-6C22-35B3-44FB-E5B18C46F1D8}"
EndProject
Project("{FAE04EC0-301F-11D3-BF4B-00C04F79EFBC}") = "Microsoft.MixedReality.Toolkit.Providers.WindowsVoiceInput", "Microsoft.MixedReality.Toolkit.Providers.WindowsVoiceInput.csproj", "{9EC099F5-1BBB-C96F-FB9A-D07309B9F23A}"
EndProject
Project("{FAE04EC0-301F-11D3-BF4B-00C04F79EFBC}") = "Microsoft.MixedReality.Toolkit.Services.TeleportSystem", "Microsoft.MixedReality.Toolkit.Services.TeleportSystem.csproj", "{CC40EE03-2AB4-64D5-F76F-650E973C86BB}"
EndProject
Project("{FAE04EC0-301F-11D3-BF4B-00C04F79EFBC}") = "Microsoft.MixedReality.Toolkit.SDK.Editor", "Microsoft.MixedReality.Toolkit.SDK.Editor.csproj", "{EF1FAD15-15FB-BD02-9A20-5F4B308099AC}"
EndProject
Project("{FAE04EC0-301F-11D3-BF4B-00C04F79EFBC}") = "Microsoft.MixedReality.Toolkit.Editor.Inspectors", "Microsoft.MixedReality.Toolkit.Editor.Inspectors.csproj", "{08F6081E-C07F-940A-7D33-316C7DE38736}"
EndProject
Project("{FAE04EC0-301F-11D3-BF4B-00C04F79EFBC}") = "Microsoft.MixedReality.Toolkit.Editor.ServiceInspectors", "Microsoft.MixedReality.Toolkit.Editor.ServiceInspectors.csproj", "{9AB7FCA3-B70E-D29E-C29F-4E83A7F30A7B}"
EndProject
Project("{FAE04EC0-301F-11D3-BF4B-00C04F79EFBC}") = "Microsoft.MixedReality.Toolkit.Editor.Utilities", "Microsoft.MixedReality.Toolkit.Editor.Utilities.csproj", "{2B939C2F-2309-61D7-5DBA-F2E1996DF8A9}"
EndProject
Project("{FAE04EC0-301F-11D3-BF4B-00C04F79EFBC}") = "Microsoft.MixedReality.Toolkit.Providers.ObjectMeshObserver", "Microsoft.MixedReality.Toolkit.Providers.ObjectMeshObserver.csproj", "{F3429776-150B-9FCC-6B57-FBC5171957C2}"
EndProject
Project("{FAE04EC0-301F-11D3-BF4B-00C04F79EFBC}") = "Microsoft.MixedReality.Toolkit.Editor.ClassExtensions", "Microsoft.MixedReality.Toolkit.Editor.ClassExtensions.csproj", "{BFF0F572-F9C8-07D6-8D09-F85BA296257F}"
EndProject
Project("{FAE04EC0-301F-11D3-BF4B-00C04F79EFBC}") = "Microsoft.MixedReality.Toolkit.Gltf.Importers", "Microsoft.MixedReality.Toolkit.Gltf.Importers.csproj", "{624FB23B-DEF0-6E67-23DC-FC207E6743EC}"
EndProject
Project("{FAE04EC0-301F-11D3-BF4B-00C04F79EFBC}") = "Microsoft.MixedReality.Toolkit.Providers.WindowsMixedReality.Editor", "Microsoft.MixedReality.Toolkit.Providers.WindowsMixedReality.Editor.csproj", "{83A46254-001D-70B0-AF27-ED0FDE5492FC}"
EndProject
Project("{FAE04EC0-301F-11D3-BF4B-00C04F79EFBC}") = "Microsoft.MixedReality.Toolkit.StandardAssets.Editor", "Microsoft.MixedReality.Toolkit.StandardAssets.Editor.csproj", "{C3010780-9CAB-1948-D25D-4D73B569400B}"
EndProject
Project("{FAE04EC0-301F-11D3-BF4B-00C04F79EFBC}") = "Microsoft.MixedReality.Toolkit.Editor.BuildAndDeploy", "Microsoft.MixedReality.Toolkit.Editor.BuildAndDeploy.csproj", "{19556E40-EAF9-C613-CF37-2D569143F4A3}"
EndProject
Project("{FAE04EC0-301F-11D3-BF4B-00C04F79EFBC}") = "Microsoft.MixedReality.Toolkit.Services.InputSimulation.Editor", "Microsoft.MixedReality.Toolkit.Services.InputSimulation.Editor.csproj", "{8CBFC48E-DE1A-D01D-9CA1-58DE2286E7F0}"
EndProject
Project("{FAE04EC0-301F-11D3-BF4B-00C04F79EFBC}") = "Microsoft.MixedReality.Toolkit.Providers.LeapMotion.Editor", "Microsoft.MixedReality.Toolkit.Providers.LeapMotion.Editor.csproj", "{C1FDE2A5-5151-1EAA-D490-DFC6BC2C2DE5}"
EndProject
Project("{FAE04EC0-301F-11D3-BF4B-00C04F79EFBC}") = "Microsoft.MixedReality.Toolkit.Providers.UnityAR.Editor", "Microsoft.MixedReality.Toolkit.Providers.UnityAR.Editor.csproj", "{5BD30708-1C9A-D55A-E06E-C6431EFCD3AA}"
EndProject
Project("{FAE04EC0-301F-11D3-BF4B-00C04F79EFBC}") = "VuforiaEditorScripts", "VuforiaEditorScripts.csproj", "{6E2C2565-FE22-2070-4C19-C74A6D2237A7}"
EndProject
Project("{FAE04EC0-301F-11D3-BF4B-00C04F79EFBC}") = "Microsoft.MixedReality.Toolkit.Services.InputSystem.Editor", "Microsoft.MixedReality.Toolkit.Services.InputSystem.Editor.csproj", "{45921218-7039-B02A-0B6F-6A5319EA8400}"
EndProject
Project("{FAE04EC0-301F-11D3-BF4B-00C04F79EFBC}") = "Microsoft.MixedReality.Toolkit.SDK.Experimental.Editor", "Microsoft.MixedReality.Toolkit.SDK.Experimental.Editor.csproj", "{49D29C45-B082-E17E-C8A5-4BE4AB5C1A08}"
EndProject
Project("{FAE04EC0-301F-11D3-BF4B-00C04F79EFBC}") = "Microsoft.MixedReality.Toolkit.SDK.Player", "Microsoft.MixedReality.Toolkit.SDK.Player.csproj", "{86F4E184-C958-41E9-CF45-CD2E7155F67C}"
EndProject
Project("{FAE04EC0-301F-11D3-BF4B-00C04F79EFBC}") = "Microsoft.MixedReality.Toolkit.Player", "Microsoft.MixedReality.Toolkit.Player.csproj", "{C2626FCC-69DA-2348-0736-D442D9BBAE61}"
EndProject
Project("{FAE04EC0-301F-11D3-BF4B-00C04F79EFBC}") = "Microsoft.MixedReality.Toolkit.Services.SpatialAwarenessSystem.Player", "Microsoft.MixedReality.Toolkit.Services.SpatialAwarenessSystem.Player.csproj", "{B79E3F42-2F55-CE48-1CFA-1EEC534F0ECC}"
EndProject
Project("{FAE04EC0-301F-11D3-BF4B-00C04F79EFBC}") = "VuforiaScripts.Player", "VuforiaScripts.Player.csproj", "{4554DF3A-1CB0-0F9D-A990-102ABECDE256}"
EndProject
Project("{FAE04EC0-301F-11D3-BF4B-00C04F79EFBC}") = "Unity.TextMeshPro.Player", "Unity.TextMeshPro.Player.csproj", "{24558B80-26C9-81AA-AFAC-1FA7071770A2}"
EndProject
Project("{FAE04EC0-301F-11D3-BF4B-00C04F79EFBC}") = "Assembly-CSharp.Player", "Assembly-CSharp.Player.csproj", "{6066E543-6188-A440-E372-875A7F02E00F}"
EndProject
Project("{FAE04EC0-301F-11D3-BF4B-00C04F79EFBC}") = "Microsoft.MixedReality.Toolkit.Services.CameraSystem.Player", "Microsoft.MixedReality.Toolkit.Services.CameraSystem.Player.csproj", "{B94491A1-D0AB-8E83-B7DE-292789C7E8F8}"
EndProject
Project("{FAE04EC0-301F-11D3-BF4B-00C04F79EFBC}") = "UnityEngine.Purchasing.Player", "UnityEngine.Purchasing.Player.csproj", "{F44CEAAD-E49A-3B15-1C2B-A580F598F6F0}"
EndProject
Project("{FAE04EC0-301F-11D3-BF4B-00C04F79EFBC}") = "Microsoft.MixedReality.Toolkit.Gltf.Player", "Microsoft.MixedReality.Toolkit.Gltf.Player.csproj", "{5F81E7B6-891C-0D01-C6AC-0123A2746BF0}"
EndProject
Project("{FAE04EC0-301F-11D3-BF4B-00C04F79EFBC}") = "Microsoft.MixedReality.Toolkit.Services.SceneSystem.Player", "Microsoft.MixedReality.Toolkit.Services.SceneSystem.Player.csproj", "{8F83B18F-F488-A336-60CA-6D2E7D9F252D}"
EndProject
Project("{FAE04EC0-301F-11D3-BF4B-00C04F79EFBC}") = "Unity.Analytics.DataPrivacy.Player", "Unity.Analytics.DataPrivacy.Player.csproj", "{86AE2A11-BECA-3A19-391B-137B54C6BED6}"
EndProject
Project("{FAE04EC0-301F-11D3-BF4B-00C04F79EFBC}") = "Microsoft.MixedReality.Toolkit.Services.InputSystem.Player", "Microsoft.MixedReality.Toolkit.Services.InputSystem.Player.csproj", "{36A7225A-3D54-B800-77D9-E2A4AB6ED749}"
EndProject
Project("{FAE04EC0-301F-11D3-BF4B-00C04F79EFBC}") = "Microsoft.MixedReality.Toolkit.Providers.WindowsMixedReality.Shared.Player", "Microsoft.MixedReality.Toolkit.Providers.WindowsMixedReality.Shared.Player.csproj", "{380B1A28-9302-DC1B-F9A4-E3886530AB4B}"
EndProject
Project("{FAE04EC0-301F-11D3-BF4B-00C04F79EFBC}") = "Microsoft.MixedReality.Toolkit.Services.BoundarySystem.Player", "Microsoft.MixedReality.Toolkit.Services.BoundarySystem.Player.csproj", "{FDB286B8-30B9-C15D-3945-BD4684B15D79}"
EndProject
Project("{FAE04EC0-301F-11D3-BF4B-00C04F79EFBC}") = "Microsoft.MixedReality.Toolkit.Services.InputSimulation.Player", "Microsoft.MixedReality.Toolkit.Services.InputSimulation.Player.csproj", "{EEC8C3F9-F47A-8B3A-6EE7-4285203E1297}"
EndProject
Project("{FAE04EC0-301F-11D3-BF4B-00C04F79EFBC}") = "Microsoft.MixedReality.Toolkit.Services.InputAnimation.Player", "Microsoft.MixedReality.Toolkit.Services.InputAnimation.Player.csproj", "{D546CC90-75FD-FAD9-1E23-ACF8F4B3303E}"
EndProject
Project("{FAE04EC0-301F-11D3-BF4B-00C04F79EFBC}") = "Unity.XR.WindowsMR.Player", "Unity.XR.WindowsMR.Player.csproj", "{E454EB78-CC41-E7D9-5505-AB88271A1160}"
EndProject
Project("{FAE04EC0-301F-11D3-BF4B-00C04F79EFBC}") = "Microsoft.MixedReality.Toolkit.Services.DiagnosticsSystem.Player", "Microsoft.MixedReality.Toolkit.Services.DiagnosticsSystem.Player.csproj", "{8E28CAA5-22E6-39D9-FC8A-452C9E064B56}"
EndProject
Project("{FAE04EC0-301F-11D3-BF4B-00C04F79EFBC}") = "Microsoft.MixedReality.Toolkit.Async.Player", "Microsoft.MixedReality.Toolkit.Async.Player.csproj", "{4789D2D3-74CB-111A-D3DF-9D22DA16B3A9}"
EndProject
Project("{FAE04EC0-301F-11D3-BF4B-00C04F79EFBC}") = "Microsoft.MixedReality.Toolkit.Providers.WindowsMixedReality.Player", "Microsoft.MixedReality.Toolkit.Providers.WindowsMixedReality.Player.csproj", "{EFCDD710-7ABD-BD90-C180-1EB0DEA223EE}"
EndProject
Project("{FAE04EC0-301F-11D3-BF4B-00C04F79EFBC}") = "Microsoft.MixedReality.Toolkit.Providers.WindowsVoiceInput.Player", "Microsoft.MixedReality.Toolkit.Providers.WindowsVoiceInput.Player.csproj", "{C52502E7-A1A1-79CA-D441-08FD2F8D11E3}"
EndProject
Project("{FAE04EC0-301F-11D3-BF4B-00C04F79EFBC}") = "Microsoft.MixedReality.Toolkit.Services.TeleportSystem.Player", "Microsoft.MixedReality.Toolkit.Services.TeleportSystem.Player.csproj", "{A6BBA9BB-F030-392D-0EF7-DAD0B4203A3F}"
EndProject
Global
	GlobalSection(SolutionConfigurationPlatforms) = preSolution
		Debug|Any CPU = Debug|Any CPU
		Release|Any CPU = Release|Any CPU
	EndGlobalSection
	GlobalSection(ProjectConfigurationPlatforms) = postSolution
		{D65C0024-E1EC-7213-3691-AC801380D92E}.Debug|Any CPU.ActiveCfg = Debug|Any CPU
		{D65C0024-E1EC-7213-3691-AC801380D92E}.Debug|Any CPU.Build.0 = Debug|Any CPU
		{D65C0024-E1EC-7213-3691-AC801380D92E}.Release|Any CPU.ActiveCfg = Release|Any CPU
		{D65C0024-E1EC-7213-3691-AC801380D92E}.Release|Any CPU.Build.0 = Release|Any CPU
		{64A4C9FB-F9EE-654D-726C-2C55F9954D82}.Debug|Any CPU.ActiveCfg = Debug|Any CPU
		{64A4C9FB-F9EE-654D-726C-2C55F9954D82}.Debug|Any CPU.Build.0 = Debug|Any CPU
		{64A4C9FB-F9EE-654D-726C-2C55F9954D82}.Release|Any CPU.ActiveCfg = Release|Any CPU
		{64A4C9FB-F9EE-654D-726C-2C55F9954D82}.Release|Any CPU.Build.0 = Release|Any CPU
		{8424240D-318E-245D-0F23-0310C105050C}.Debug|Any CPU.ActiveCfg = Debug|Any CPU
		{8424240D-318E-245D-0F23-0310C105050C}.Debug|Any CPU.Build.0 = Debug|Any CPU
		{8424240D-318E-245D-0F23-0310C105050C}.Release|Any CPU.ActiveCfg = Release|Any CPU
		{8424240D-318E-245D-0F23-0310C105050C}.Release|Any CPU.Build.0 = Release|Any CPU
		{9BC3B4A1-27B5-75F4-6C16-7C66BE56F5E8}.Debug|Any CPU.ActiveCfg = Debug|Any CPU
		{9BC3B4A1-27B5-75F4-6C16-7C66BE56F5E8}.Debug|Any CPU.Build.0 = Debug|Any CPU
		{9BC3B4A1-27B5-75F4-6C16-7C66BE56F5E8}.Release|Any CPU.ActiveCfg = Release|Any CPU
		{9BC3B4A1-27B5-75F4-6C16-7C66BE56F5E8}.Release|Any CPU.Build.0 = Release|Any CPU
		{BC4B7150-B8E8-3C71-2658-7C91554ECF90}.Debug|Any CPU.ActiveCfg = Debug|Any CPU
		{BC4B7150-B8E8-3C71-2658-7C91554ECF90}.Debug|Any CPU.Build.0 = Debug|Any CPU
		{BC4B7150-B8E8-3C71-2658-7C91554ECF90}.Release|Any CPU.ActiveCfg = Release|Any CPU
		{BC4B7150-B8E8-3C71-2658-7C91554ECF90}.Release|Any CPU.Build.0 = Release|Any CPU
		{9E0BD55C-D6F0-1EB9-5CD7-1FBEAD265F8C}.Debug|Any CPU.ActiveCfg = Debug|Any CPU
		{9E0BD55C-D6F0-1EB9-5CD7-1FBEAD265F8C}.Debug|Any CPU.Build.0 = Debug|Any CPU
		{9E0BD55C-D6F0-1EB9-5CD7-1FBEAD265F8C}.Release|Any CPU.ActiveCfg = Release|Any CPU
		{9E0BD55C-D6F0-1EB9-5CD7-1FBEAD265F8C}.Release|Any CPU.Build.0 = Release|Any CPU
		{E50784A9-D413-8940-509E-DC3166DAD8EA}.Debug|Any CPU.ActiveCfg = Debug|Any CPU
		{E50784A9-D413-8940-509E-DC3166DAD8EA}.Debug|Any CPU.Build.0 = Debug|Any CPU
		{E50784A9-D413-8940-509E-DC3166DAD8EA}.Release|Any CPU.ActiveCfg = Release|Any CPU
		{E50784A9-D413-8940-509E-DC3166DAD8EA}.Release|Any CPU.Build.0 = Release|Any CPU
		{B9FB2443-2485-197B-1931-84DB2FCCAD36}.Debug|Any CPU.ActiveCfg = Debug|Any CPU
		{B9FB2443-2485-197B-1931-84DB2FCCAD36}.Debug|Any CPU.Build.0 = Debug|Any CPU
		{B9FB2443-2485-197B-1931-84DB2FCCAD36}.Release|Any CPU.ActiveCfg = Release|Any CPU
		{B9FB2443-2485-197B-1931-84DB2FCCAD36}.Release|Any CPU.Build.0 = Release|Any CPU
		{4E6011C7-22D0-DF75-86BD-E5CF3331CD49}.Debug|Any CPU.ActiveCfg = Debug|Any CPU
		{4E6011C7-22D0-DF75-86BD-E5CF3331CD49}.Debug|Any CPU.Build.0 = Debug|Any CPU
		{4E6011C7-22D0-DF75-86BD-E5CF3331CD49}.Release|Any CPU.ActiveCfg = Release|Any CPU
		{4E6011C7-22D0-DF75-86BD-E5CF3331CD49}.Release|Any CPU.Build.0 = Release|Any CPU
		{0DD7DC6F-9C22-7921-9F82-860A3DE82683}.Debug|Any CPU.ActiveCfg = Debug|Any CPU
		{0DD7DC6F-9C22-7921-9F82-860A3DE82683}.Debug|Any CPU.Build.0 = Debug|Any CPU
		{0DD7DC6F-9C22-7921-9F82-860A3DE82683}.Release|Any CPU.ActiveCfg = Release|Any CPU
		{0DD7DC6F-9C22-7921-9F82-860A3DE82683}.Release|Any CPU.Build.0 = Release|Any CPU
		{70D8ED77-4F57-A41F-1F28-00630A66FF4E}.Debug|Any CPU.ActiveCfg = Debug|Any CPU
		{70D8ED77-4F57-A41F-1F28-00630A66FF4E}.Debug|Any CPU.Build.0 = Debug|Any CPU
		{70D8ED77-4F57-A41F-1F28-00630A66FF4E}.Release|Any CPU.ActiveCfg = Release|Any CPU
		{70D8ED77-4F57-A41F-1F28-00630A66FF4E}.Release|Any CPU.Build.0 = Release|Any CPU
		{928DAB1F-45DC-0197-0731-B9E0286C8C60}.Debug|Any CPU.ActiveCfg = Debug|Any CPU
		{928DAB1F-45DC-0197-0731-B9E0286C8C60}.Debug|Any CPU.Build.0 = Debug|Any CPU
		{928DAB1F-45DC-0197-0731-B9E0286C8C60}.Release|Any CPU.ActiveCfg = Release|Any CPU
		{928DAB1F-45DC-0197-0731-B9E0286C8C60}.Release|Any CPU.Build.0 = Release|Any CPU
		{95F6951E-2E90-6066-B83F-E0AB5F562990}.Debug|Any CPU.ActiveCfg = Debug|Any CPU
		{95F6951E-2E90-6066-B83F-E0AB5F562990}.Debug|Any CPU.Build.0 = Debug|Any CPU
		{95F6951E-2E90-6066-B83F-E0AB5F562990}.Release|Any CPU.ActiveCfg = Release|Any CPU
		{95F6951E-2E90-6066-B83F-E0AB5F562990}.Release|Any CPU.Build.0 = Release|Any CPU
		{FD0C0D1D-91E2-F082-BF3A-A0AB2FB80D38}.Debug|Any CPU.ActiveCfg = Debug|Any CPU
		{FD0C0D1D-91E2-F082-BF3A-A0AB2FB80D38}.Debug|Any CPU.Build.0 = Debug|Any CPU
		{FD0C0D1D-91E2-F082-BF3A-A0AB2FB80D38}.Release|Any CPU.ActiveCfg = Release|Any CPU
		{FD0C0D1D-91E2-F082-BF3A-A0AB2FB80D38}.Release|Any CPU.Build.0 = Release|Any CPU
		{8AF39DC1-A75E-7399-B7ED-B7E6DBD80F45}.Debug|Any CPU.ActiveCfg = Debug|Any CPU
		{8AF39DC1-A75E-7399-B7ED-B7E6DBD80F45}.Debug|Any CPU.Build.0 = Debug|Any CPU
		{8AF39DC1-A75E-7399-B7ED-B7E6DBD80F45}.Release|Any CPU.ActiveCfg = Release|Any CPU
		{8AF39DC1-A75E-7399-B7ED-B7E6DBD80F45}.Release|Any CPU.Build.0 = Release|Any CPU
		{CA57E638-5B8E-40F1-1B7B-C2D9EA3F3A5D}.Debug|Any CPU.ActiveCfg = Debug|Any CPU
		{CA57E638-5B8E-40F1-1B7B-C2D9EA3F3A5D}.Debug|Any CPU.Build.0 = Debug|Any CPU
		{CA57E638-5B8E-40F1-1B7B-C2D9EA3F3A5D}.Release|Any CPU.ActiveCfg = Release|Any CPU
		{CA57E638-5B8E-40F1-1B7B-C2D9EA3F3A5D}.Release|Any CPU.Build.0 = Release|Any CPU
		{F2954B33-690C-76F0-44D0-DCC377170124}.Debug|Any CPU.ActiveCfg = Debug|Any CPU
		{F2954B33-690C-76F0-44D0-DCC377170124}.Debug|Any CPU.Build.0 = Debug|Any CPU
		{F2954B33-690C-76F0-44D0-DCC377170124}.Release|Any CPU.ActiveCfg = Release|Any CPU
		{F2954B33-690C-76F0-44D0-DCC377170124}.Release|Any CPU.Build.0 = Release|Any CPU
		{DED81666-C680-40FE-8F0A-D81E6BD10227}.Debug|Any CPU.ActiveCfg = Debug|Any CPU
		{DED81666-C680-40FE-8F0A-D81E6BD10227}.Debug|Any CPU.Build.0 = Debug|Any CPU
		{DED81666-C680-40FE-8F0A-D81E6BD10227}.Release|Any CPU.ActiveCfg = Release|Any CPU
		{DED81666-C680-40FE-8F0A-D81E6BD10227}.Release|Any CPU.Build.0 = Release|Any CPU
		{6DEA2CDE-6C22-35B3-44FB-E5B18C46F1D8}.Debug|Any CPU.ActiveCfg = Debug|Any CPU
		{6DEA2CDE-6C22-35B3-44FB-E5B18C46F1D8}.Debug|Any CPU.Build.0 = Debug|Any CPU
		{6DEA2CDE-6C22-35B3-44FB-E5B18C46F1D8}.Release|Any CPU.ActiveCfg = Release|Any CPU
		{6DEA2CDE-6C22-35B3-44FB-E5B18C46F1D8}.Release|Any CPU.Build.0 = Release|Any CPU
		{9EC099F5-1BBB-C96F-FB9A-D07309B9F23A}.Debug|Any CPU.ActiveCfg = Debug|Any CPU
		{9EC099F5-1BBB-C96F-FB9A-D07309B9F23A}.Debug|Any CPU.Build.0 = Debug|Any CPU
		{9EC099F5-1BBB-C96F-FB9A-D07309B9F23A}.Release|Any CPU.ActiveCfg = Release|Any CPU
		{9EC099F5-1BBB-C96F-FB9A-D07309B9F23A}.Release|Any CPU.Build.0 = Release|Any CPU
		{CC40EE03-2AB4-64D5-F76F-650E973C86BB}.Debug|Any CPU.ActiveCfg = Debug|Any CPU
		{CC40EE03-2AB4-64D5-F76F-650E973C86BB}.Debug|Any CPU.Build.0 = Debug|Any CPU
		{CC40EE03-2AB4-64D5-F76F-650E973C86BB}.Release|Any CPU.ActiveCfg = Release|Any CPU
		{CC40EE03-2AB4-64D5-F76F-650E973C86BB}.Release|Any CPU.Build.0 = Release|Any CPU
		{EF1FAD15-15FB-BD02-9A20-5F4B308099AC}.Debug|Any CPU.ActiveCfg = Debug|Any CPU
		{EF1FAD15-15FB-BD02-9A20-5F4B308099AC}.Debug|Any CPU.Build.0 = Debug|Any CPU
		{EF1FAD15-15FB-BD02-9A20-5F4B308099AC}.Release|Any CPU.ActiveCfg = Release|Any CPU
		{EF1FAD15-15FB-BD02-9A20-5F4B308099AC}.Release|Any CPU.Build.0 = Release|Any CPU
		{08F6081E-C07F-940A-7D33-316C7DE38736}.Debug|Any CPU.ActiveCfg = Debug|Any CPU
		{08F6081E-C07F-940A-7D33-316C7DE38736}.Debug|Any CPU.Build.0 = Debug|Any CPU
		{08F6081E-C07F-940A-7D33-316C7DE38736}.Release|Any CPU.ActiveCfg = Release|Any CPU
		{08F6081E-C07F-940A-7D33-316C7DE38736}.Release|Any CPU.Build.0 = Release|Any CPU
		{9AB7FCA3-B70E-D29E-C29F-4E83A7F30A7B}.Debug|Any CPU.ActiveCfg = Debug|Any CPU
		{9AB7FCA3-B70E-D29E-C29F-4E83A7F30A7B}.Debug|Any CPU.Build.0 = Debug|Any CPU
		{9AB7FCA3-B70E-D29E-C29F-4E83A7F30A7B}.Release|Any CPU.ActiveCfg = Release|Any CPU
		{9AB7FCA3-B70E-D29E-C29F-4E83A7F30A7B}.Release|Any CPU.Build.0 = Release|Any CPU
		{2B939C2F-2309-61D7-5DBA-F2E1996DF8A9}.Debug|Any CPU.ActiveCfg = Debug|Any CPU
		{2B939C2F-2309-61D7-5DBA-F2E1996DF8A9}.Debug|Any CPU.Build.0 = Debug|Any CPU
		{2B939C2F-2309-61D7-5DBA-F2E1996DF8A9}.Release|Any CPU.ActiveCfg = Release|Any CPU
		{2B939C2F-2309-61D7-5DBA-F2E1996DF8A9}.Release|Any CPU.Build.0 = Release|Any CPU
		{F3429776-150B-9FCC-6B57-FBC5171957C2}.Debug|Any CPU.ActiveCfg = Debug|Any CPU
		{F3429776-150B-9FCC-6B57-FBC5171957C2}.Debug|Any CPU.Build.0 = Debug|Any CPU
		{F3429776-150B-9FCC-6B57-FBC5171957C2}.Release|Any CPU.ActiveCfg = Release|Any CPU
		{F3429776-150B-9FCC-6B57-FBC5171957C2}.Release|Any CPU.Build.0 = Release|Any CPU
		{BFF0F572-F9C8-07D6-8D09-F85BA296257F}.Debug|Any CPU.ActiveCfg = Debug|Any CPU
		{BFF0F572-F9C8-07D6-8D09-F85BA296257F}.Debug|Any CPU.Build.0 = Debug|Any CPU
		{BFF0F572-F9C8-07D6-8D09-F85BA296257F}.Release|Any CPU.ActiveCfg = Release|Any CPU
		{BFF0F572-F9C8-07D6-8D09-F85BA296257F}.Release|Any CPU.Build.0 = Release|Any CPU
		{624FB23B-DEF0-6E67-23DC-FC207E6743EC}.Debug|Any CPU.ActiveCfg = Debug|Any CPU
		{624FB23B-DEF0-6E67-23DC-FC207E6743EC}.Debug|Any CPU.Build.0 = Debug|Any CPU
		{624FB23B-DEF0-6E67-23DC-FC207E6743EC}.Release|Any CPU.ActiveCfg = Release|Any CPU
		{624FB23B-DEF0-6E67-23DC-FC207E6743EC}.Release|Any CPU.Build.0 = Release|Any CPU
		{83A46254-001D-70B0-AF27-ED0FDE5492FC}.Debug|Any CPU.ActiveCfg = Debug|Any CPU
		{83A46254-001D-70B0-AF27-ED0FDE5492FC}.Debug|Any CPU.Build.0 = Debug|Any CPU
		{83A46254-001D-70B0-AF27-ED0FDE5492FC}.Release|Any CPU.ActiveCfg = Release|Any CPU
		{83A46254-001D-70B0-AF27-ED0FDE5492FC}.Release|Any CPU.Build.0 = Release|Any CPU
		{C3010780-9CAB-1948-D25D-4D73B569400B}.Debug|Any CPU.ActiveCfg = Debug|Any CPU
		{C3010780-9CAB-1948-D25D-4D73B569400B}.Debug|Any CPU.Build.0 = Debug|Any CPU
		{C3010780-9CAB-1948-D25D-4D73B569400B}.Release|Any CPU.ActiveCfg = Release|Any CPU
		{C3010780-9CAB-1948-D25D-4D73B569400B}.Release|Any CPU.Build.0 = Release|Any CPU
		{19556E40-EAF9-C613-CF37-2D569143F4A3}.Debug|Any CPU.ActiveCfg = Debug|Any CPU
		{19556E40-EAF9-C613-CF37-2D569143F4A3}.Debug|Any CPU.Build.0 = Debug|Any CPU
		{19556E40-EAF9-C613-CF37-2D569143F4A3}.Release|Any CPU.ActiveCfg = Release|Any CPU
		{19556E40-EAF9-C613-CF37-2D569143F4A3}.Release|Any CPU.Build.0 = Release|Any CPU
		{8CBFC48E-DE1A-D01D-9CA1-58DE2286E7F0}.Debug|Any CPU.ActiveCfg = Debug|Any CPU
		{8CBFC48E-DE1A-D01D-9CA1-58DE2286E7F0}.Debug|Any CPU.Build.0 = Debug|Any CPU
		{8CBFC48E-DE1A-D01D-9CA1-58DE2286E7F0}.Release|Any CPU.ActiveCfg = Release|Any CPU
		{8CBFC48E-DE1A-D01D-9CA1-58DE2286E7F0}.Release|Any CPU.Build.0 = Release|Any CPU
		{C1FDE2A5-5151-1EAA-D490-DFC6BC2C2DE5}.Debug|Any CPU.ActiveCfg = Debug|Any CPU
		{C1FDE2A5-5151-1EAA-D490-DFC6BC2C2DE5}.Debug|Any CPU.Build.0 = Debug|Any CPU
		{C1FDE2A5-5151-1EAA-D490-DFC6BC2C2DE5}.Release|Any CPU.ActiveCfg = Release|Any CPU
		{C1FDE2A5-5151-1EAA-D490-DFC6BC2C2DE5}.Release|Any CPU.Build.0 = Release|Any CPU
		{5BD30708-1C9A-D55A-E06E-C6431EFCD3AA}.Debug|Any CPU.ActiveCfg = Debug|Any CPU
		{5BD30708-1C9A-D55A-E06E-C6431EFCD3AA}.Debug|Any CPU.Build.0 = Debug|Any CPU
		{5BD30708-1C9A-D55A-E06E-C6431EFCD3AA}.Release|Any CPU.ActiveCfg = Release|Any CPU
		{5BD30708-1C9A-D55A-E06E-C6431EFCD3AA}.Release|Any CPU.Build.0 = Release|Any CPU
		{6E2C2565-FE22-2070-4C19-C74A6D2237A7}.Debug|Any CPU.ActiveCfg = Debug|Any CPU
		{6E2C2565-FE22-2070-4C19-C74A6D2237A7}.Debug|Any CPU.Build.0 = Debug|Any CPU
		{6E2C2565-FE22-2070-4C19-C74A6D2237A7}.Release|Any CPU.ActiveCfg = Release|Any CPU
		{6E2C2565-FE22-2070-4C19-C74A6D2237A7}.Release|Any CPU.Build.0 = Release|Any CPU
		{45921218-7039-B02A-0B6F-6A5319EA8400}.Debug|Any CPU.ActiveCfg = Debug|Any CPU
		{45921218-7039-B02A-0B6F-6A5319EA8400}.Debug|Any CPU.Build.0 = Debug|Any CPU
		{45921218-7039-B02A-0B6F-6A5319EA8400}.Release|Any CPU.ActiveCfg = Release|Any CPU
		{45921218-7039-B02A-0B6F-6A5319EA8400}.Release|Any CPU.Build.0 = Release|Any CPU
		{49D29C45-B082-E17E-C8A5-4BE4AB5C1A08}.Debug|Any CPU.ActiveCfg = Debug|Any CPU
		{49D29C45-B082-E17E-C8A5-4BE4AB5C1A08}.Debug|Any CPU.Build.0 = Debug|Any CPU
		{49D29C45-B082-E17E-C8A5-4BE4AB5C1A08}.Release|Any CPU.ActiveCfg = Release|Any CPU
		{49D29C45-B082-E17E-C8A5-4BE4AB5C1A08}.Release|Any CPU.Build.0 = Release|Any CPU
		{86F4E184-C958-41E9-CF45-CD2E7155F67C}.Debug|Any CPU.ActiveCfg = Debug|Any CPU
		{86F4E184-C958-41E9-CF45-CD2E7155F67C}.Debug|Any CPU.Build.0 = Debug|Any CPU
		{86F4E184-C958-41E9-CF45-CD2E7155F67C}.Release|Any CPU.ActiveCfg = Release|Any CPU
		{86F4E184-C958-41E9-CF45-CD2E7155F67C}.Release|Any CPU.Build.0 = Release|Any CPU
		{C2626FCC-69DA-2348-0736-D442D9BBAE61}.Debug|Any CPU.ActiveCfg = Debug|Any CPU
		{C2626FCC-69DA-2348-0736-D442D9BBAE61}.Debug|Any CPU.Build.0 = Debug|Any CPU
		{C2626FCC-69DA-2348-0736-D442D9BBAE61}.Release|Any CPU.ActiveCfg = Release|Any CPU
		{C2626FCC-69DA-2348-0736-D442D9BBAE61}.Release|Any CPU.Build.0 = Release|Any CPU
		{B79E3F42-2F55-CE48-1CFA-1EEC534F0ECC}.Debug|Any CPU.ActiveCfg = Debug|Any CPU
		{B79E3F42-2F55-CE48-1CFA-1EEC534F0ECC}.Debug|Any CPU.Build.0 = Debug|Any CPU
		{B79E3F42-2F55-CE48-1CFA-1EEC534F0ECC}.Release|Any CPU.ActiveCfg = Release|Any CPU
		{B79E3F42-2F55-CE48-1CFA-1EEC534F0ECC}.Release|Any CPU.Build.0 = Release|Any CPU
		{4554DF3A-1CB0-0F9D-A990-102ABECDE256}.Debug|Any CPU.ActiveCfg = Debug|Any CPU
		{4554DF3A-1CB0-0F9D-A990-102ABECDE256}.Debug|Any CPU.Build.0 = Debug|Any CPU
		{4554DF3A-1CB0-0F9D-A990-102ABECDE256}.Release|Any CPU.ActiveCfg = Release|Any CPU
		{4554DF3A-1CB0-0F9D-A990-102ABECDE256}.Release|Any CPU.Build.0 = Release|Any CPU
		{24558B80-26C9-81AA-AFAC-1FA7071770A2}.Debug|Any CPU.ActiveCfg = Debug|Any CPU
		{24558B80-26C9-81AA-AFAC-1FA7071770A2}.Debug|Any CPU.Build.0 = Debug|Any CPU
		{24558B80-26C9-81AA-AFAC-1FA7071770A2}.Release|Any CPU.ActiveCfg = Release|Any CPU
		{24558B80-26C9-81AA-AFAC-1FA7071770A2}.Release|Any CPU.Build.0 = Release|Any CPU
		{6066E543-6188-A440-E372-875A7F02E00F}.Debug|Any CPU.ActiveCfg = Debug|Any CPU
		{6066E543-6188-A440-E372-875A7F02E00F}.Debug|Any CPU.Build.0 = Debug|Any CPU
		{6066E543-6188-A440-E372-875A7F02E00F}.Release|Any CPU.ActiveCfg = Release|Any CPU
		{6066E543-6188-A440-E372-875A7F02E00F}.Release|Any CPU.Build.0 = Release|Any CPU
		{B94491A1-D0AB-8E83-B7DE-292789C7E8F8}.Debug|Any CPU.ActiveCfg = Debug|Any CPU
		{B94491A1-D0AB-8E83-B7DE-292789C7E8F8}.Debug|Any CPU.Build.0 = Debug|Any CPU
		{B94491A1-D0AB-8E83-B7DE-292789C7E8F8}.Release|Any CPU.ActiveCfg = Release|Any CPU
		{B94491A1-D0AB-8E83-B7DE-292789C7E8F8}.Release|Any CPU.Build.0 = Release|Any CPU
		{F44CEAAD-E49A-3B15-1C2B-A580F598F6F0}.Debug|Any CPU.ActiveCfg = Debug|Any CPU
		{F44CEAAD-E49A-3B15-1C2B-A580F598F6F0}.Debug|Any CPU.Build.0 = Debug|Any CPU
		{F44CEAAD-E49A-3B15-1C2B-A580F598F6F0}.Release|Any CPU.ActiveCfg = Release|Any CPU
		{F44CEAAD-E49A-3B15-1C2B-A580F598F6F0}.Release|Any CPU.Build.0 = Release|Any CPU
		{5F81E7B6-891C-0D01-C6AC-0123A2746BF0}.Debug|Any CPU.ActiveCfg = Debug|Any CPU
		{5F81E7B6-891C-0D01-C6AC-0123A2746BF0}.Debug|Any CPU.Build.0 = Debug|Any CPU
		{5F81E7B6-891C-0D01-C6AC-0123A2746BF0}.Release|Any CPU.ActiveCfg = Release|Any CPU
		{5F81E7B6-891C-0D01-C6AC-0123A2746BF0}.Release|Any CPU.Build.0 = Release|Any CPU
		{8F83B18F-F488-A336-60CA-6D2E7D9F252D}.Debug|Any CPU.ActiveCfg = Debug|Any CPU
		{8F83B18F-F488-A336-60CA-6D2E7D9F252D}.Debug|Any CPU.Build.0 = Debug|Any CPU
		{8F83B18F-F488-A336-60CA-6D2E7D9F252D}.Release|Any CPU.ActiveCfg = Release|Any CPU
		{8F83B18F-F488-A336-60CA-6D2E7D9F252D}.Release|Any CPU.Build.0 = Release|Any CPU
		{86AE2A11-BECA-3A19-391B-137B54C6BED6}.Debug|Any CPU.ActiveCfg = Debug|Any CPU
		{86AE2A11-BECA-3A19-391B-137B54C6BED6}.Debug|Any CPU.Build.0 = Debug|Any CPU
		{86AE2A11-BECA-3A19-391B-137B54C6BED6}.Release|Any CPU.ActiveCfg = Release|Any CPU
		{86AE2A11-BECA-3A19-391B-137B54C6BED6}.Release|Any CPU.Build.0 = Release|Any CPU
		{36A7225A-3D54-B800-77D9-E2A4AB6ED749}.Debug|Any CPU.ActiveCfg = Debug|Any CPU
		{36A7225A-3D54-B800-77D9-E2A4AB6ED749}.Debug|Any CPU.Build.0 = Debug|Any CPU
		{36A7225A-3D54-B800-77D9-E2A4AB6ED749}.Release|Any CPU.ActiveCfg = Release|Any CPU
		{36A7225A-3D54-B800-77D9-E2A4AB6ED749}.Release|Any CPU.Build.0 = Release|Any CPU
		{380B1A28-9302-DC1B-F9A4-E3886530AB4B}.Debug|Any CPU.ActiveCfg = Debug|Any CPU
		{380B1A28-9302-DC1B-F9A4-E3886530AB4B}.Debug|Any CPU.Build.0 = Debug|Any CPU
		{380B1A28-9302-DC1B-F9A4-E3886530AB4B}.Release|Any CPU.ActiveCfg = Release|Any CPU
		{380B1A28-9302-DC1B-F9A4-E3886530AB4B}.Release|Any CPU.Build.0 = Release|Any CPU
		{FDB286B8-30B9-C15D-3945-BD4684B15D79}.Debug|Any CPU.ActiveCfg = Debug|Any CPU
		{FDB286B8-30B9-C15D-3945-BD4684B15D79}.Debug|Any CPU.Build.0 = Debug|Any CPU
		{FDB286B8-30B9-C15D-3945-BD4684B15D79}.Release|Any CPU.ActiveCfg = Release|Any CPU
		{FDB286B8-30B9-C15D-3945-BD4684B15D79}.Release|Any CPU.Build.0 = Release|Any CPU
		{EEC8C3F9-F47A-8B3A-6EE7-4285203E1297}.Debug|Any CPU.ActiveCfg = Debug|Any CPU
		{EEC8C3F9-F47A-8B3A-6EE7-4285203E1297}.Debug|Any CPU.Build.0 = Debug|Any CPU
		{EEC8C3F9-F47A-8B3A-6EE7-4285203E1297}.Release|Any CPU.ActiveCfg = Release|Any CPU
		{EEC8C3F9-F47A-8B3A-6EE7-4285203E1297}.Release|Any CPU.Build.0 = Release|Any CPU
		{D546CC90-75FD-FAD9-1E23-ACF8F4B3303E}.Debug|Any CPU.ActiveCfg = Debug|Any CPU
		{D546CC90-75FD-FAD9-1E23-ACF8F4B3303E}.Debug|Any CPU.Build.0 = Debug|Any CPU
		{D546CC90-75FD-FAD9-1E23-ACF8F4B3303E}.Release|Any CPU.ActiveCfg = Release|Any CPU
		{D546CC90-75FD-FAD9-1E23-ACF8F4B3303E}.Release|Any CPU.Build.0 = Release|Any CPU
		{E454EB78-CC41-E7D9-5505-AB88271A1160}.Debug|Any CPU.ActiveCfg = Debug|Any CPU
		{E454EB78-CC41-E7D9-5505-AB88271A1160}.Debug|Any CPU.Build.0 = Debug|Any CPU
		{E454EB78-CC41-E7D9-5505-AB88271A1160}.Release|Any CPU.ActiveCfg = Release|Any CPU
		{E454EB78-CC41-E7D9-5505-AB88271A1160}.Release|Any CPU.Build.0 = Release|Any CPU
		{8E28CAA5-22E6-39D9-FC8A-452C9E064B56}.Debug|Any CPU.ActiveCfg = Debug|Any CPU
		{8E28CAA5-22E6-39D9-FC8A-452C9E064B56}.Debug|Any CPU.Build.0 = Debug|Any CPU
		{8E28CAA5-22E6-39D9-FC8A-452C9E064B56}.Release|Any CPU.ActiveCfg = Release|Any CPU
		{8E28CAA5-22E6-39D9-FC8A-452C9E064B56}.Release|Any CPU.Build.0 = Release|Any CPU
		{4789D2D3-74CB-111A-D3DF-9D22DA16B3A9}.Debug|Any CPU.ActiveCfg = Debug|Any CPU
		{4789D2D3-74CB-111A-D3DF-9D22DA16B3A9}.Debug|Any CPU.Build.0 = Debug|Any CPU
		{4789D2D3-74CB-111A-D3DF-9D22DA16B3A9}.Release|Any CPU.ActiveCfg = Release|Any CPU
		{4789D2D3-74CB-111A-D3DF-9D22DA16B3A9}.Release|Any CPU.Build.0 = Release|Any CPU
		{EFCDD710-7ABD-BD90-C180-1EB0DEA223EE}.Debug|Any CPU.ActiveCfg = Debug|Any CPU
		{EFCDD710-7ABD-BD90-C180-1EB0DEA223EE}.Debug|Any CPU.Build.0 = Debug|Any CPU
		{EFCDD710-7ABD-BD90-C180-1EB0DEA223EE}.Release|Any CPU.ActiveCfg = Release|Any CPU
		{EFCDD710-7ABD-BD90-C180-1EB0DEA223EE}.Release|Any CPU.Build.0 = Release|Any CPU
		{C52502E7-A1A1-79CA-D441-08FD2F8D11E3}.Debug|Any CPU.ActiveCfg = Debug|Any CPU
		{C52502E7-A1A1-79CA-D441-08FD2F8D11E3}.Debug|Any CPU.Build.0 = Debug|Any CPU
		{C52502E7-A1A1-79CA-D441-08FD2F8D11E3}.Release|Any CPU.ActiveCfg = Release|Any CPU
		{C52502E7-A1A1-79CA-D441-08FD2F8D11E3}.Release|Any CPU.Build.0 = Release|Any CPU
		{A6BBA9BB-F030-392D-0EF7-DAD0B4203A3F}.Debug|Any CPU.ActiveCfg = Debug|Any CPU
		{A6BBA9BB-F030-392D-0EF7-DAD0B4203A3F}.Debug|Any CPU.Build.0 = Debug|Any CPU
		{A6BBA9BB-F030-392D-0EF7-DAD0B4203A3F}.Release|Any CPU.ActiveCfg = Release|Any CPU
		{A6BBA9BB-F030-392D-0EF7-DAD0B4203A3F}.Release|Any CPU.Build.0 = Release|Any CPU
	EndGlobalSection
	GlobalSection(SolutionProperties) = preSolution
		HideSolutionNode = FALSE
	EndGlobalSection
	GlobalSection(MonoDevelopProperties) = preSolution
		StartupItem = Assembly-CSharp.csproj
	EndGlobalSection
EndGlobal
